PATH
  remote: .
  specs:
    hardwired (0.2)
      nokogiri
      sinatra (>= 1.3.3)
      sinatra-contrib
      tilt

GEM
  remote: http://rubygems.org/
  specs:
    backports (2.6.5)
    eventmachine (1.0.0)
    minitest (4.3.3)
    nokogiri (1.5.5)
    rack (1.4.1)
    rack-protection (1.3.2)
      rack
    rack-test (0.6.2)
      rack (>= 1.0)
    sinatra (1.3.3)
      rack (~> 1.3, >= 1.3.6)
      rack-protection (~> 1.2)
      tilt (~> 1.3, >= 1.3.3)
    sinatra-contrib (1.3.2)
      backports (>= 2.0)
      eventmachine
      rack-protection
      rack-test
      sinatra (~> 1.3.0)
      tilt (~> 1.3)
    tilt (1.3.3)

PLATFORMS
  ruby

DEPENDENCIES
  hardwired!
  minitest
  rack-test
